
Microsoft Visual Studio Solution File, Format Version 12.00
# Visual Studio Version 16
VisualStudioVersion = 16.0.33927.289
MinimumVisualStudioVersion = 10.0.40219.1
Project("{FAE04EC0-301F-11D3-BF4B-00C04F79EFBC}") = "Tyuiu.GorbunovAA.Sprint6.Task0.V18.Lib", "Tyuiu.GorbunovAA.Sprint6.Task0.V18.Lib\Tyuiu.GorbunovAA.Sprint6.Task0.V18.Lib.csproj", "{B7918B2D-831E-4C4F-9BAA-012E97AB785A}"
EndProject
Project("{FAE04EC0-301F-11D3-BF4B-00C04F79EFBC}") = "Tyuiu.GorbunovAA.Sprint6.Task0.V18.Test", "Tyuiu.GorbunovAA.Sprint6.Task0.V18.Test\Tyuiu.GorbunovAA.Sprint6.Task0.V18.Test.csproj", "{36AA1469-BF0B-4565-8722-897CB6A37BE4}"
EndProject
Project("{2150E333-8FDC-42A3-9474-1A3956D46DE8}") = "Task0", "Task0", "{E7389A1A-CCB1-4134-B2AB-B7AC58F045CA}"
EndProject
Project("{FAE04EC0-301F-11D3-BF4B-00C04F79EFBC}") = "Tyuiu.GorbunovAA.Sprint6.Task0.V18", "Tyuiu.GorbunovAA.Sprint6.Task0.V18\Tyuiu.GorbunovAA.Sprint6.Task0.V18.csproj", "{80ADB062-0F63-46C4-A321-F2896A7C6E83}"
EndProject
Project("{2150E333-8FDC-42A3-9474-1A3956D46DE8}") = "Task2", "Task2", "{7493E6BC-C02F-4394-821F-E996FB019E5D}"
EndProject
Project("{FAE04EC0-301F-11D3-BF4B-00C04F79EFBC}") = "Tyuiu.GorbunovAA.Sprint6.Task2.V5", "Tyuiu.GorbunovAA.Sprint6.Task2.V5\Tyuiu.GorbunovAA.Sprint6.Task2.V5.csproj", "{1431CF86-1DE3-46CD-915D-A9EDC5746828}"
EndProject
Project("{FAE04EC0-301F-11D3-BF4B-00C04F79EFBC}") = "Tyuiu.GorbunovAA.Sprint6.Task2.V5.Lib", "Tyuiu.GorbunovAA.Sprint6.Task2.V5.Lib\Tyuiu.GorbunovAA.Sprint6.Task2.V5.Lib.csproj", "{FF2420DB-C509-4E40-B9C0-6D3B4AF865DE}"
EndProject
Project("{FAE04EC0-301F-11D3-BF4B-00C04F79EFBC}") = "Tyuiu.GorbunovAA.Sprint6.Task2.V5.Test", "Tyuiu.GorbunovAA.Sprint6.Task2.V5.Test\Tyuiu.GorbunovAA.Sprint6.Task2.V5.Test.csproj", "{B1AF58F1-684C-46C5-815B-FEF4F376065D}"
EndProject
Project("{2150E333-8FDC-42A3-9474-1A3956D46DE8}") = "Task4", "Task4", "{B041CA75-0EC8-4994-97BB-505C07089DAB}"
EndProject
Project("{FAE04EC0-301F-11D3-BF4B-00C04F79EFBC}") = "Tyuiu.GorbunovAA.Sprint6.Task4.V23", "Tyuiu.GorbunovAA.Sprint6.Task4.V23\Tyuiu.GorbunovAA.Sprint6.Task4.V23.csproj", "{07B3A0EA-4AFD-4729-8A40-7BFDF7229B26}"
EndProject
Project("{FAE04EC0-301F-11D3-BF4B-00C04F79EFBC}") = "Tyuiu.GorbunovAA.Sprint6.Task4.V23.Lib", "Tyuiu.GorbunovAA.Sprint6.Task4.V23.Lib\Tyuiu.GorbunovAA.Sprint6.Task4.V23.Lib.csproj", "{8815A481-7DCF-4C7B-8416-6EE5E55B5372}"
EndProject
Project("{FAE04EC0-301F-11D3-BF4B-00C04F79EFBC}") = "Tyuiu.GorbunovAA.Sprint6.Task4.V23.Test", "Tyuiu.GorbunovAA.Sprint6.Task4.V23.Test\Tyuiu.GorbunovAA.Sprint6.Task4.V23.Test.csproj", "{BA2A4B67-BED0-4EDA-8B42-35B9CDB42009}"
EndProject
Project("{2150E333-8FDC-42A3-9474-1A3956D46DE8}") = "Task1", "Task1", "{FC7A0E45-0BFB-4A01-B890-0811FE7D5F52}"
EndProject
Project("{2150E333-8FDC-42A3-9474-1A3956D46DE8}") = "Task3", "Task3", "{51024B1D-167E-499C-B18F-30124D56FEEF}"
EndProject
Project("{FAE04EC0-301F-11D3-BF4B-00C04F79EFBC}") = "Tyuiu.GorbunovAA.Sprint6.Task3.V19", "Tyuiu.GorbunovAA.Sprint6.Task3.V19\Tyuiu.GorbunovAA.Sprint6.Task3.V19.csproj", "{FD5ABFE6-4AEA-4303-9648-9A51E8312C3F}"
EndProject
Project("{FAE04EC0-301F-11D3-BF4B-00C04F79EFBC}") = "Tyuiu.GorbunovAA.Sprint6.Task3.V19.Lib", "Tyuiu.GorbunovAA.Sprint6.Task3.V19.Lib\Tyuiu.GorbunovAA.Sprint6.Task3.V19.Lib.csproj", "{1F373817-5DCB-4DDF-9A6B-B9AECAA52DCC}"
EndProject
Project("{FAE04EC0-301F-11D3-BF4B-00C04F79EFBC}") = "Tyuiu.GorbunovAA.Sprint6.Task3.V19.Test", "Tyuiu.GorbunovAA.Sprint6.Task3.V19.Test\Tyuiu.GorbunovAA.Sprint6.Task3.V19.Test.csproj", "{D24EFDB0-3C35-4077-822D-177736244C60}"
EndProject
Project("{2150E333-8FDC-42A3-9474-1A3956D46DE8}") = "Task5", "Task5", "{B5758357-3FD9-4049-88E9-BA8D0B5E38A8}"
EndProject
Project("{FAE04EC0-301F-11D3-BF4B-00C04F79EFBC}") = "Tyuiu.GorbunovAA.Sprint6.Task5.V5", "Tyuiu.GorbunovAA.Sprint6.Task5.V5\Tyuiu.GorbunovAA.Sprint6.Task5.V5.csproj", "{520375E7-95D6-4C19-BF90-96EAA8296795}"
EndProject
Project("{FAE04EC0-301F-11D3-BF4B-00C04F79EFBC}") = "Tyuiu.GorbunovAA.Sprint6.Task5.V5.Lib", "Tyuiu.GorbunovAA.Sprint6.Task5.V5.Lib\Tyuiu.GorbunovAA.Sprint6.Task5.V5.Lib.csproj", "{DB4E1826-DD1F-4CB5-9941-DA61D1F2F585}"
EndProject
Project("{FAE04EC0-301F-11D3-BF4B-00C04F79EFBC}") = "Tyuiu.GorbunovAA.Sprint6.Task5.V5.Test", "Tyuiu.GorbunovAA.Sprint6.Task5.V5.Test\Tyuiu.GorbunovAA.Sprint6.Task5.V5.Test.csproj", "{0C8911C4-60F5-4E50-92F7-6DF97A502B6E}"
EndProject
Project("{2150E333-8FDC-42A3-9474-1A3956D46DE8}") = "Task6", "Task6", "{45DCF78B-9DA8-46FB-97A0-3FD2B5CA6E08}"
EndProject
Project("{2150E333-8FDC-42A3-9474-1A3956D46DE8}") = "Task7", "Task7", "{547D7582-B534-4F4C-97A4-228D24395C60}"
EndProject
Project("{FAE04EC0-301F-11D3-BF4B-00C04F79EFBC}") = "Tyuiu.GorbunovAA.Sprint6.Task1.V10", "Tyuiu.GorbunovAA.Sprint6.Task1.V10\Tyuiu.GorbunovAA.Sprint6.Task1.V10.csproj", "{31C0EB46-BD81-4CC2-93BE-44B4991BC730}"
EndProject
Project("{FAE04EC0-301F-11D3-BF4B-00C04F79EFBC}") = "Tyuiu.GorbunovAA.Sprint6.Task1.V10.Lib", "Tyuiu.GorbunovAA.Sprint6.Task1.V10.Lib\Tyuiu.GorbunovAA.Sprint6.Task1.V10.Lib.csproj", "{7748F2CB-7690-4338-BCD7-E633F5D81540}"
EndProject
Project("{FAE04EC0-301F-11D3-BF4B-00C04F79EFBC}") = "Tyuiu.GorbunovAA.Sprint6.Task1.V10.Test", "Tyuiu.GorbunovAA.Sprint6.Task1.V10.Test\Tyuiu.GorbunovAA.Sprint6.Task1.V10.Test.csproj", "{5FD571B3-7285-49AB-9F0D-47A80D5715EE}"
EndProject
Project("{FAE04EC0-301F-11D3-BF4B-00C04F79EFBC}") = "Tyuiu.GorbunovAA.Sprint6.Task7.V24", "Tyuiu.GorbunovAA.Sprint6.Task7.V24\Tyuiu.GorbunovAA.Sprint6.Task7.V24.csproj", "{4F41FE39-B33F-425C-A248-5EAF8C8F6337}"
EndProject
Project("{FAE04EC0-301F-11D3-BF4B-00C04F79EFBC}") = "Tyuiu.GorbunovAA.Sprint6.Task7.V24.Lib", "Tyuiu.GorbunovAA.Sprint6.Task7.V24.Lib\Tyuiu.GorbunovAA.Sprint6.Task7.V24.Lib.csproj", "{69F8B9DE-477B-4E87-96D5-C340894449AF}"
EndProject
Project("{FAE04EC0-301F-11D3-BF4B-00C04F79EFBC}") = "Tyuiu.GorbunovAA.Sprint6.Task7.V24.Test", "Tyuiu.GorbunovAA.Sprint6.Task7.V24.Test\Tyuiu.GorbunovAA.Sprint6.Task7.V24.Test.csproj", "{D46126D6-40DC-494C-A4B3-22A73F8E10BB}"
EndProject
Global
	GlobalSection(SolutionConfigurationPlatforms) = preSolution
		Debug|Any CPU = Debug|Any CPU
		Release|Any CPU = Release|Any CPU
	EndGlobalSection
	GlobalSection(ProjectConfigurationPlatforms) = postSolution
		{B7918B2D-831E-4C4F-9BAA-012E97AB785A}.Debug|Any CPU.ActiveCfg = Debug|Any CPU
		{B7918B2D-831E-4C4F-9BAA-012E97AB785A}.Debug|Any CPU.Build.0 = Debug|Any CPU
		{B7918B2D-831E-4C4F-9BAA-012E97AB785A}.Release|Any CPU.ActiveCfg = Release|Any CPU
		{B7918B2D-831E-4C4F-9BAA-012E97AB785A}.Release|Any CPU.Build.0 = Release|Any CPU
		{36AA1469-BF0B-4565-8722-897CB6A37BE4}.Debug|Any CPU.ActiveCfg = Debug|Any CPU
		{36AA1469-BF0B-4565-8722-897CB6A37BE4}.Debug|Any CPU.Build.0 = Debug|Any CPU
		{36AA1469-BF0B-4565-8722-897CB6A37BE4}.Release|Any CPU.ActiveCfg = Release|Any CPU
		{36AA1469-BF0B-4565-8722-897CB6A37BE4}.Release|Any CPU.Build.0 = Release|Any CPU
		{80ADB062-0F63-46C4-A321-F2896A7C6E83}.Debug|Any CPU.ActiveCfg = Debug|Any CPU
		{80ADB062-0F63-46C4-A321-F2896A7C6E83}.Debug|Any CPU.Build.0 = Debug|Any CPU
		{80ADB062-0F63-46C4-A321-F2896A7C6E83}.Release|Any CPU.ActiveCfg = Debug|Any CPU
		{80ADB062-0F63-46C4-A321-F2896A7C6E83}.Release|Any CPU.Build.0 = Debug|Any CPU
		{1431CF86-1DE3-46CD-915D-A9EDC5746828}.Debug|Any CPU.ActiveCfg = Debug|Any CPU
		{1431CF86-1DE3-46CD-915D-A9EDC5746828}.Debug|Any CPU.Build.0 = Debug|Any CPU
		{1431CF86-1DE3-46CD-915D-A9EDC5746828}.Release|Any CPU.ActiveCfg = Release|Any CPU
		{1431CF86-1DE3-46CD-915D-A9EDC5746828}.Release|Any CPU.Build.0 = Release|Any CPU
		{FF2420DB-C509-4E40-B9C0-6D3B4AF865DE}.Debug|Any CPU.ActiveCfg = Debug|Any CPU
		{FF2420DB-C509-4E40-B9C0-6D3B4AF865DE}.Debug|Any CPU.Build.0 = Debug|Any CPU
		{FF2420DB-C509-4E40-B9C0-6D3B4AF865DE}.Release|Any CPU.ActiveCfg = Release|Any CPU
		{FF2420DB-C509-4E40-B9C0-6D3B4AF865DE}.Release|Any CPU.Build.0 = Release|Any CPU
		{B1AF58F1-684C-46C5-815B-FEF4F376065D}.Debug|Any CPU.ActiveCfg = Debug|Any CPU
		{B1AF58F1-684C-46C5-815B-FEF4F376065D}.Debug|Any CPU.Build.0 = Debug|Any CPU
		{B1AF58F1-684C-46C5-815B-FEF4F376065D}.Release|Any CPU.ActiveCfg = Release|Any CPU
		{B1AF58F1-684C-46C5-815B-FEF4F376065D}.Release|Any CPU.Build.0 = Release|Any CPU
		{07B3A0EA-4AFD-4729-8A40-7BFDF7229B26}.Debug|Any CPU.ActiveCfg = Debug|Any CPU
		{07B3A0EA-4AFD-4729-8A40-7BFDF7229B26}.Debug|Any CPU.Build.0 = Debug|Any CPU
		{07B3A0EA-4AFD-4729-8A40-7BFDF7229B26}.Release|Any CPU.ActiveCfg = Release|Any CPU
		{07B3A0EA-4AFD-4729-8A40-7BFDF7229B26}.Release|Any CPU.Build.0 = Release|Any CPU
		{8815A481-7DCF-4C7B-8416-6EE5E55B5372}.Debug|Any CPU.ActiveCfg = Debug|Any CPU
		{8815A481-7DCF-4C7B-8416-6EE5E55B5372}.Debug|Any CPU.Build.0 = Debug|Any CPU
		{8815A481-7DCF-4C7B-8416-6EE5E55B5372}.Release|Any CPU.ActiveCfg = Release|Any CPU
		{8815A481-7DCF-4C7B-8416-6EE5E55B5372}.Release|Any CPU.Build.0 = Release|Any CPU
		{BA2A4B67-BED0-4EDA-8B42-35B9CDB42009}.Debug|Any CPU.ActiveCfg = Debug|Any CPU
		{BA2A4B67-BED0-4EDA-8B42-35B9CDB42009}.Debug|Any CPU.Build.0 = Debug|Any CPU
		{BA2A4B67-BED0-4EDA-8B42-35B9CDB42009}.Release|Any CPU.ActiveCfg = Release|Any CPU
		{BA2A4B67-BED0-4EDA-8B42-35B9CDB42009}.Release|Any CPU.Build.0 = Release|Any CPU
		{FD5ABFE6-4AEA-4303-9648-9A51E8312C3F}.Debug|Any CPU.ActiveCfg = Debug|Any CPU
		{FD5ABFE6-4AEA-4303-9648-9A51E8312C3F}.Debug|Any CPU.Build.0 = Debug|Any CPU
		{FD5ABFE6-4AEA-4303-9648-9A51E8312C3F}.Release|Any CPU.ActiveCfg = Release|Any CPU
		{FD5ABFE6-4AEA-4303-9648-9A51E8312C3F}.Release|Any CPU.Build.0 = Release|Any CPU
		{1F373817-5DCB-4DDF-9A6B-B9AECAA52DCC}.Debug|Any CPU.ActiveCfg = Debug|Any CPU
		{1F373817-5DCB-4DDF-9A6B-B9AECAA52DCC}.Debug|Any CPU.Build.0 = Debug|Any CPU
		{1F373817-5DCB-4DDF-9A6B-B9AECAA52DCC}.Release|Any CPU.ActiveCfg = Release|Any CPU
		{1F373817-5DCB-4DDF-9A6B-B9AECAA52DCC}.Release|Any CPU.Build.0 = Release|Any CPU
		{D24EFDB0-3C35-4077-822D-177736244C60}.Debug|Any CPU.ActiveCfg = Debug|Any CPU
		{D24EFDB0-3C35-4077-822D-177736244C60}.Debug|Any CPU.Build.0 = Debug|Any CPU
		{D24EFDB0-3C35-4077-822D-177736244C60}.Release|Any CPU.ActiveCfg = Release|Any CPU
		{D24EFDB0-3C35-4077-822D-177736244C60}.Release|Any CPU.Build.0 = Release|Any CPU
		{520375E7-95D6-4C19-BF90-96EAA8296795}.Debug|Any CPU.ActiveCfg = Debug|Any CPU
		{520375E7-95D6-4C19-BF90-96EAA8296795}.Debug|Any CPU.Build.0 = Debug|Any CPU
		{520375E7-95D6-4C19-BF90-96EAA8296795}.Release|Any CPU.ActiveCfg = Release|Any CPU
		{520375E7-95D6-4C19-BF90-96EAA8296795}.Release|Any CPU.Build.0 = Release|Any CPU
		{DB4E1826-DD1F-4CB5-9941-DA61D1F2F585}.Debug|Any CPU.ActiveCfg = Debug|Any CPU
		{DB4E1826-DD1F-4CB5-9941-DA61D1F2F585}.Debug|Any CPU.Build.0 = Debug|Any CPU
		{DB4E1826-DD1F-4CB5-9941-DA61D1F2F585}.Release|Any CPU.ActiveCfg = Release|Any CPU
		{DB4E1826-DD1F-4CB5-9941-DA61D1F2F585}.Release|Any CPU.Build.0 = Release|Any CPU
		{0C8911C4-60F5-4E50-92F7-6DF97A502B6E}.Debug|Any CPU.ActiveCfg = Debug|Any CPU
		{0C8911C4-60F5-4E50-92F7-6DF97A502B6E}.Debug|Any CPU.Build.0 = Debug|Any CPU
		{0C8911C4-60F5-4E50-92F7-6DF97A502B6E}.Release|Any CPU.ActiveCfg = Release|Any CPU
		{0C8911C4-60F5-4E50-92F7-6DF97A502B6E}.Release|Any CPU.Build.0 = Release|Any CPU
		{31C0EB46-BD81-4CC2-93BE-44B4991BC730}.Debug|Any CPU.ActiveCfg = Debug|Any CPU
		{31C0EB46-BD81-4CC2-93BE-44B4991BC730}.Debug|Any CPU.Build.0 = Debug|Any CPU
		{31C0EB46-BD81-4CC2-93BE-44B4991BC730}.Release|Any CPU.ActiveCfg = Release|Any CPU
		{31C0EB46-BD81-4CC2-93BE-44B4991BC730}.Release|Any CPU.Build.0 = Release|Any CPU
		{7748F2CB-7690-4338-BCD7-E633F5D81540}.Debug|Any CPU.ActiveCfg = Debug|Any CPU
		{7748F2CB-7690-4338-BCD7-E633F5D81540}.Debug|Any CPU.Build.0 = Debug|Any CPU
		{7748F2CB-7690-4338-BCD7-E633F5D81540}.Release|Any CPU.ActiveCfg = Release|Any CPU
		{7748F2CB-7690-4338-BCD7-E633F5D81540}.Release|Any CPU.Build.0 = Release|Any CPU
		{5FD571B3-7285-49AB-9F0D-47A80D5715EE}.Debug|Any CPU.ActiveCfg = Debug|Any CPU
		{5FD571B3-7285-49AB-9F0D-47A80D5715EE}.Debug|Any CPU.Build.0 = Debug|Any CPU
		{5FD571B3-7285-49AB-9F0D-47A80D5715EE}.Release|Any CPU.ActiveCfg = Release|Any CPU
		{5FD571B3-7285-49AB-9F0D-47A80D5715EE}.Release|Any CPU.Build.0 = Release|Any CPU
		{4F41FE39-B33F-425C-A248-5EAF8C8F6337}.Debug|Any CPU.ActiveCfg = Debug|Any CPU
		{4F41FE39-B33F-425C-A248-5EAF8C8F6337}.Debug|Any CPU.Build.0 = Debug|Any CPU
		{4F41FE39-B33F-425C-A248-5EAF8C8F6337}.Release|Any CPU.ActiveCfg = Release|Any CPU
		{4F41FE39-B33F-425C-A248-5EAF8C8F6337}.Release|Any CPU.Build.0 = Release|Any CPU
		{69F8B9DE-477B-4E87-96D5-C340894449AF}.Debug|Any CPU.ActiveCfg = Debug|Any CPU
		{69F8B9DE-477B-4E87-96D5-C340894449AF}.Debug|Any CPU.Build.0 = Debug|Any CPU
		{69F8B9DE-477B-4E87-96D5-C340894449AF}.Release|Any CPU.ActiveCfg = Release|Any CPU
		{69F8B9DE-477B-4E87-96D5-C340894449AF}.Release|Any CPU.Build.0 = Release|Any CPU
		{D46126D6-40DC-494C-A4B3-22A73F8E10BB}.Debug|Any CPU.ActiveCfg = Debug|Any CPU
		{D46126D6-40DC-494C-A4B3-22A73F8E10BB}.Debug|Any CPU.Build.0 = Debug|Any CPU
		{D46126D6-40DC-494C-A4B3-22A73F8E10BB}.Release|Any CPU.ActiveCfg = Release|Any CPU
		{D46126D6-40DC-494C-A4B3-22A73F8E10BB}.Release|Any CPU.Build.0 = Release|Any CPU
	EndGlobalSection
	GlobalSection(SolutionProperties) = preSolution
		HideSolutionNode = FALSE
	EndGlobalSection
	GlobalSection(NestedProjects) = preSolution
		{B7918B2D-831E-4C4F-9BAA-012E97AB785A} = {E7389A1A-CCB1-4134-B2AB-B7AC58F045CA}
		{36AA1469-BF0B-4565-8722-897CB6A37BE4} = {E7389A1A-CCB1-4134-B2AB-B7AC58F045CA}
		{80ADB062-0F63-46C4-A321-F2896A7C6E83} = {E7389A1A-CCB1-4134-B2AB-B7AC58F045CA}
		{1431CF86-1DE3-46CD-915D-A9EDC5746828} = {7493E6BC-C02F-4394-821F-E996FB019E5D}
		{FF2420DB-C509-4E40-B9C0-6D3B4AF865DE} = {7493E6BC-C02F-4394-821F-E996FB019E5D}
		{B1AF58F1-684C-46C5-815B-FEF4F376065D} = {7493E6BC-C02F-4394-821F-E996FB019E5D}
		{07B3A0EA-4AFD-4729-8A40-7BFDF7229B26} = {B041CA75-0EC8-4994-97BB-505C07089DAB}
		{8815A481-7DCF-4C7B-8416-6EE5E55B5372} = {B041CA75-0EC8-4994-97BB-505C07089DAB}
		{BA2A4B67-BED0-4EDA-8B42-35B9CDB42009} = {B041CA75-0EC8-4994-97BB-505C07089DAB}
		{FD5ABFE6-4AEA-4303-9648-9A51E8312C3F} = {51024B1D-167E-499C-B18F-30124D56FEEF}
		{1F373817-5DCB-4DDF-9A6B-B9AECAA52DCC} = {51024B1D-167E-499C-B18F-30124D56FEEF}
		{D24EFDB0-3C35-4077-822D-177736244C60} = {51024B1D-167E-499C-B18F-30124D56FEEF}
		{520375E7-95D6-4C19-BF90-96EAA8296795} = {B5758357-3FD9-4049-88E9-BA8D0B5E38A8}
		{DB4E1826-DD1F-4CB5-9941-DA61D1F2F585} = {B5758357-3FD9-4049-88E9-BA8D0B5E38A8}
		{0C8911C4-60F5-4E50-92F7-6DF97A502B6E} = {B5758357-3FD9-4049-88E9-BA8D0B5E38A8}
		{31C0EB46-BD81-4CC2-93BE-44B4991BC730} = {FC7A0E45-0BFB-4A01-B890-0811FE7D5F52}
		{7748F2CB-7690-4338-BCD7-E633F5D81540} = {FC7A0E45-0BFB-4A01-B890-0811FE7D5F52}
		{5FD571B3-7285-49AB-9F0D-47A80D5715EE} = {FC7A0E45-0BFB-4A01-B890-0811FE7D5F52}
		{4F41FE39-B33F-425C-A248-5EAF8C8F6337} = {547D7582-B534-4F4C-97A4-228D24395C60}
		{69F8B9DE-477B-4E87-96D5-C340894449AF} = {547D7582-B534-4F4C-97A4-228D24395C60}
		{D46126D6-40DC-494C-A4B3-22A73F8E10BB} = {547D7582-B534-4F4C-97A4-228D24395C60}
	EndGlobalSection
	GlobalSection(ExtensibilityGlobals) = postSolution
		SolutionGuid = {194DE572-E100-4B88-918A-B59DF5748E92}
	EndGlobalSection
EndGlobal
